
Microsoft Visual Studio Solution File, Format Version 12.00
# Visual Studio Version 16
VisualStudioVersion = 16.0.29403.142
MinimumVisualStudioVersion = 10.0.40219.1
Project("{9A19103F-16F7-4668-BE54-9A1E7A4F7556}") = "dotnetcore_apis_qa", "qa\dotnetcore_apis_qa.csproj", "{195FD0B2-7D71-47BC-9B5B-F03A0DD033D5}"
EndProject
Project("{2150E333-8FDC-42A3-9474-1A3956D46DE8}") = "Solution Items", "Solution Items", "{D0C47776-64C7-4795-949B-B6D12CDB3650}"
	ProjectSection(SolutionItems) = preProject
		.editorconfig = .editorconfig
	EndProjectSection
EndProject
Project("{9A19103F-16F7-4668-BE54-9A1E7A4F7556}") = "dotnetcore_apis", "src\api\dotnetcore_apis.csproj", "{04094178-1C57-4C34-92EE-AF649D4D5BF4}"
EndProject
Global
	GlobalSection(SolutionConfigurationPlatforms) = preSolution
		Debug|Any CPU = Debug|Any CPU
		Release|Any CPU = Release|Any CPU
	EndGlobalSection
	GlobalSection(ProjectConfigurationPlatforms) = postSolution
		{195FD0B2-7D71-47BC-9B5B-F03A0DD033D5}.Debug|Any CPU.ActiveCfg = Debug|Any CPU
		{195FD0B2-7D71-47BC-9B5B-F03A0DD033D5}.Debug|Any CPU.Build.0 = Debug|Any CPU
		{195FD0B2-7D71-47BC-9B5B-F03A0DD033D5}.Release|Any CPU.ActiveCfg = Release|Any CPU
		{195FD0B2-7D71-47BC-9B5B-F03A0DD033D5}.Release|Any CPU.Build.0 = Release|Any CPU
		{04094178-1C57-4C34-92EE-AF649D4D5BF4}.Debug|Any CPU.ActiveCfg = Debug|Any CPU
		{04094178-1C57-4C34-92EE-AF649D4D5BF4}.Debug|Any CPU.Build.0 = Debug|Any CPU
		{04094178-1C57-4C34-92EE-AF649D4D5BF4}.Release|Any CPU.ActiveCfg = Release|Any CPU
		{04094178-1C57-4C34-92EE-AF649D4D5BF4}.Release|Any CPU.Build.0 = Release|Any CPU
	EndGlobalSection
	GlobalSection(SolutionProperties) = preSolution
		HideSolutionNode = FALSE
	EndGlobalSection
	GlobalSection(ExtensibilityGlobals) = postSolution
		SolutionGuid = {F0952EEF-24C9-49EC-B323-49EA8493BA10}
	EndGlobalSection
EndGlobal
